
Microsoft Visual Studio Solution File, Format Version 12.00
Project("{FAE04EC0-301F-11D3-BF4B-00C04F79EFBC}") = "ZenChatServer.Net", "ZenChatServer.Net.csproj", "{C514BB3B-4D71-4C8E-B27E-9A0DB07C3FDE}"
EndProject
Global
	GlobalSection(SolutionConfigurationPlatforms) = preSolution
		Debug|Any CPU = Debug|Any CPU
		Release|Any CPU = Release|Any CPU
	EndGlobalSection
	GlobalSection(ProjectConfigurationPlatforms) = postSolution
		{C514BB3B-4D71-4C8E-B27E-9A0DB07C3FDE}.Debug|Any CPU.ActiveCfg = Debug|Any CPU
		{C514BB3B-4D71-4C8E-B27E-9A0DB07C3FDE}.Debug|Any CPU.Build.0 = Debug|Any CPU
		{C514BB3B-4D71-4C8E-B27E-9A0DB07C3FDE}.Release|Any CPU.ActiveCfg = Release|Any CPU
		{C514BB3B-4D71-4C8E-B27E-9A0DB07C3FDE}.Release|Any CPU.Build.0 = Release|Any CPU
	EndGlobalSection
EndGlobal
